{
  "name": "@freud-ds/tokens",
  "version": "0.0.9",
  "lockfileVersion": 1,
  "requires": true,
  "dependencies": {
    "detect-file-encoding-and-language": {
      "version": "2.2.2",
      "resolved": "https://registry.npmjs.org/detect-file-encoding-and-language/-/detect-file-encoding-and-language-2.2.2.tgz",
      "integrity": "sha512-c+5ALStTqKi8BSN7GWFnOdhHUYXd+yKYLWNV2LPE66UAL8XfYZMqE9DdfrD9f8JHedJ3ZIlROYoUqcomVn92MQ==",
      "dev": true
    }
  }
}
