{
  "name": "@freud-ds/web-components",
  "version": "2.11.0",
  "lockfileVersion": 2,
  "requires": true,
  "packages": {
    "": {
      "name": "@freud-ds/web-components",
      "version": "2.11.0",
      "dependencies": {
        "primeicons": "^6.0.1",
        "primeng": "^12.2.2",
        "tslib": "^2.3.0"
      },
      "peerDependencies": {
        "@angular/animations": "~12.2.0",
        "@angular/cdk": "~12.2.0",
        "@angular/common": "^12.2.0",
        "@angular/core": "^12.2.0",
        "@freud-ds/icons": "^2.2.0",
        "@freud-ds/tokens": "^2.0.7",
        "@fullcalendar/angular": "^6.0.1",
        "@fullcalendar/core": "^6.0.1",
        "@fullcalendar/daygrid": "^6.0.1",
        "@fullcalendar/interaction": "^6.0.1",
        "@fullcalendar/timegrid": "^6.0.1"
      }
    },
    "node_modules/primeicons": {
      "version": "6.0.1",
      "resolved": "https://registry.npmjs.org/primeicons/-/primeicons-6.0.1.tgz",
      "integrity": "sha512-KDeO94CbWI4pKsPnYpA1FPjo79EsY9I+M8ywoPBSf9XMXoe/0crjbUK7jcQEDHuc0ZMRIZsxH3TYLv4TUtHmAA=="
    },
    "node_modules/primeng": {
      "version": "12.2.2",
      "resolved": "https://registry.npmjs.org/primeng/-/primeng-12.2.2.tgz",
      "integrity": "sha512-PB2kZzwhAb3M5nQXe1hUfsBGXAbhGcf/NVwg8mp4P5JETJ4nAGgixNPPGjBdmFW6l8QzmlsAVb3nMF+rPaZH4g==",
      "dependencies": {
        "tslib": "^2.1.0"
      },
      "peerDependencies": {
        "@angular/common": "^7.0.0 || ^8.0.0 || ^9.0.0 || ^10.0.0 || ^11.0.0 || ^12.0.0",
        "@angular/core": "^7.0.0 || ^8.0.0 || ^9.0.0 || ^10.0.0 || ^11.0.0 || ^12.0.0",
        "@angular/forms": "^7.0.0 || ^8.0.0 || ^9.0.0 || ^10.0.0 || ^11.0.0 || ^12.0.0",
        "rxjs": "^6.0.0",
        "zone.js": "^0.10.2 || ^0.11.0"
      }
    },
    "node_modules/tslib": {
      "version": "2.4.1",
      "resolved": "https://registry.npmjs.org/tslib/-/tslib-2.4.1.tgz",
      "integrity": "sha512-tGyy4dAjRIEwI7BzsB0lynWgOpfqjUdq91XXAlIWD2OwKBH7oCl/GZG/HT4BOHrTlPMOASlMQ7veyTqpmRcrNA=="
    }
  },
  "dependencies": {
    "primeicons": {
      "version": "6.0.1",
      "resolved": "https://registry.npmjs.org/primeicons/-/primeicons-6.0.1.tgz",
      "integrity": "sha512-KDeO94CbWI4pKsPnYpA1FPjo79EsY9I+M8ywoPBSf9XMXoe/0crjbUK7jcQEDHuc0ZMRIZsxH3TYLv4TUtHmAA=="
    },
    "primeng": {
      "version": "12.2.2",
      "resolved": "https://registry.npmjs.org/primeng/-/primeng-12.2.2.tgz",
      "integrity": "sha512-PB2kZzwhAb3M5nQXe1hUfsBGXAbhGcf/NVwg8mp4P5JETJ4nAGgixNPPGjBdmFW6l8QzmlsAVb3nMF+rPaZH4g==",
      "requires": {
        "tslib": "^2.1.0"
      }
    },
    "tslib": {
      "version": "2.4.1",
      "resolved": "https://registry.npmjs.org/tslib/-/tslib-2.4.1.tgz",
      "integrity": "sha512-tGyy4dAjRIEwI7BzsB0lynWgOpfqjUdq91XXAlIWD2OwKBH7oCl/GZG/HT4BOHrTlPMOASlMQ7veyTqpmRcrNA=="
    }
  }
}
