{
  "name": "@freud-ds/web-components",
  "version": "3.0.0-beta.3",
  "lockfileVersion": 3,
  "requires": true,
  "packages": {
    "": {
      "name": "@freud-ds/web-components",
      "version": "3.0.0-beta.3",
      "dependencies": {
        "primeicons": "^6.0.1",
        "primeng": "^16.9.1",
        "tslib": "^2.6.2"
      },
      "peerDependencies": {
        "@angular/animations": "16.2.x",
        "@angular/cdk": "16.2.x",
        "@angular/common": "16.2.x",
        "@angular/core": "16.2.x",
        "@angular/forms": "16.2.x",
        "@freud-ds/icons": "2.x",
        "@freud-ds/tokens": "2.x"
      }
    },
    "node_modules/@angular/animations": {
      "version": "16.2.12",
      "resolved": "https://registry.npmjs.org/@angular/animations/-/animations-16.2.12.tgz",
      "integrity": "sha512-MD0ElviEfAJY8qMOd6/jjSSvtqER2RDAi0lxe6EtUacC1DHCYkaPrKW4vLqY+tmZBg1yf+6n+uS77pXcHHcA3w==",
      "peer": true,
      "dependencies": {
        "tslib": "^2.3.0"
      },
      "engines": {
        "node": "^16.14.0 || >=18.10.0"
      },
      "peerDependencies": {
        "@angular/core": "16.2.12"
      }
    },
    "node_modules/@angular/cdk": {
      "version": "16.2.14",
      "resolved": "https://registry.npmjs.org/@angular/cdk/-/cdk-16.2.14.tgz",
      "integrity": "sha512-n6PrGdiVeSTEmM/HEiwIyg6YQUUymZrb5afaNLGFRM5YL0Y8OBqd+XhCjb0OfD/AfgCUtedVEPwNqrfW8KzgGw==",
      "peer": true,
      "dependencies": {
        "tslib": "^2.3.0"
      },
      "optionalDependencies": {
        "parse5": "^7.1.2"
      },
      "peerDependencies": {
        "@angular/common": "^16.0.0 || ^17.0.0",
        "@angular/core": "^16.0.0 || ^17.0.0",
        "rxjs": "^6.5.3 || ^7.4.0"
      }
    },
    "node_modules/@angular/common": {
      "version": "16.2.12",
      "resolved": "https://registry.npmjs.org/@angular/common/-/common-16.2.12.tgz",
      "integrity": "sha512-B+WY/cT2VgEaz9HfJitBmgdk4I333XG/ybC98CMC4Wz8E49T8yzivmmxXB3OD6qvjcOB6ftuicl6WBqLbZNg2w==",
      "peer": true,
      "dependencies": {
        "tslib": "^2.3.0"
      },
      "engines": {
        "node": "^16.14.0 || >=18.10.0"
      },
      "peerDependencies": {
        "@angular/core": "16.2.12",
        "rxjs": "^6.5.3 || ^7.4.0"
      }
    },
    "node_modules/@angular/core": {
      "version": "16.2.12",
      "resolved": "https://registry.npmjs.org/@angular/core/-/core-16.2.12.tgz",
      "integrity": "sha512-GLLlDeke/NjroaLYOks0uyzFVo6HyLl7VOm0K1QpLXnYvW63W9Ql/T3yguRZa7tRkOAeFZ3jw+1wnBD4O8MoUA==",
      "peer": true,
      "dependencies": {
        "tslib": "^2.3.0"
      },
      "engines": {
        "node": "^16.14.0 || >=18.10.0"
      },
      "peerDependencies": {
        "rxjs": "^6.5.3 || ^7.4.0",
        "zone.js": "~0.13.0"
      }
    },
    "node_modules/@angular/forms": {
      "version": "16.2.12",
      "resolved": "https://registry.npmjs.org/@angular/forms/-/forms-16.2.12.tgz",
      "integrity": "sha512-1Eao89hlBgLR3v8tU91vccn21BBKL06WWxl7zLpQmG6Hun+2jrThgOE4Pf3os4fkkbH4Apj0tWL2fNIWe/blbw==",
      "peer": true,
      "dependencies": {
        "tslib": "^2.3.0"
      },
      "engines": {
        "node": "^16.14.0 || >=18.10.0"
      },
      "peerDependencies": {
        "@angular/common": "16.2.12",
        "@angular/core": "16.2.12",
        "@angular/platform-browser": "16.2.12",
        "rxjs": "^6.5.3 || ^7.4.0"
      }
    },
    "node_modules/@angular/platform-browser": {
      "version": "16.2.12",
      "resolved": "https://registry.npmjs.org/@angular/platform-browser/-/platform-browser-16.2.12.tgz",
      "integrity": "sha512-NnH7ju1iirmVEsUq432DTm0nZBGQsBrU40M3ZeVHMQ2subnGiyUs3QyzDz8+VWLL/T5xTxWLt9BkDn65vgzlIQ==",
      "peer": true,
      "dependencies": {
        "tslib": "^2.3.0"
      },
      "engines": {
        "node": "^16.14.0 || >=18.10.0"
      },
      "peerDependencies": {
        "@angular/animations": "16.2.12",
        "@angular/common": "16.2.12",
        "@angular/core": "16.2.12"
      },
      "peerDependenciesMeta": {
        "@angular/animations": {
          "optional": true
        }
      }
    },
    "node_modules/@freud-ds/icons": {
      "version": "2.2.1",
      "resolved": "https://registry.npmjs.org/@freud-ds/icons/-/icons-2.2.1.tgz",
      "integrity": "sha512-GFiK6Z8CM8Y8m6XTfmK+LxQtesKtksbZLQLGffcBKzMHr1sMrEcM2aMhVMPG3Ayz14tR6UAcyglNwgUmclv9FQ==",
      "peer": true,
      "dependencies": {
        "fs-extra": "^11.1.0"
      }
    },
    "node_modules/@freud-ds/tokens": {
      "version": "2.0.7",
      "resolved": "https://registry.npmjs.org/@freud-ds/tokens/-/tokens-2.0.7.tgz",
      "integrity": "sha512-haSxFMYOjhKBGuDF37FD+DxCaw2S33xmRTI7Dq0W+WtboWLK3MaVYdMqQ33UxxV70sio9a914bUSiY5Cw0g5cw==",
      "peer": true
    },
    "node_modules/entities": {
      "version": "4.5.0",
      "resolved": "https://registry.npmjs.org/entities/-/entities-4.5.0.tgz",
      "integrity": "sha512-V0hjH4dGPh9Ao5p0MoRY6BVqtwCjhz6vI5LT8AJ55H+4g9/4vbHx1I54fS0XuclLhDHArPQCiMjDxjaL8fPxhw==",
      "optional": true,
      "peer": true,
      "engines": {
        "node": ">=0.12"
      },
      "funding": {
        "url": "https://github.com/fb55/entities?sponsor=1"
      }
    },
    "node_modules/fs-extra": {
      "version": "11.2.0",
      "resolved": "https://registry.npmjs.org/fs-extra/-/fs-extra-11.2.0.tgz",
      "integrity": "sha512-PmDi3uwK5nFuXh7XDTlVnS17xJS7vW36is2+w3xcv8SVxiB4NyATf4ctkVY5bkSjX0Y4nbvZCq1/EjtEyr9ktw==",
      "peer": true,
      "dependencies": {
        "graceful-fs": "^4.2.0",
        "jsonfile": "^6.0.1",
        "universalify": "^2.0.0"
      },
      "engines": {
        "node": ">=14.14"
      }
    },
    "node_modules/graceful-fs": {
      "version": "4.2.11",
      "resolved": "https://registry.npmjs.org/graceful-fs/-/graceful-fs-4.2.11.tgz",
      "integrity": "sha512-RbJ5/jmFcNNCcDV5o9eTnBLJ/HszWV0P73bc+Ff4nS/rJj+YaS6IGyiOL0VoBYX+l1Wrl3k63h/KrH+nhJ0XvQ==",
      "peer": true
    },
    "node_modules/jsonfile": {
      "version": "6.1.0",
      "resolved": "https://registry.npmjs.org/jsonfile/-/jsonfile-6.1.0.tgz",
      "integrity": "sha512-5dgndWOriYSm5cnYaJNhalLNDKOqFwyDB/rr1E9ZsGciGvKPs8R2xYGCacuf3z6K1YKDz182fd+fY3cn3pMqXQ==",
      "peer": true,
      "dependencies": {
        "universalify": "^2.0.0"
      },
      "optionalDependencies": {
        "graceful-fs": "^4.1.6"
      }
    },
    "node_modules/parse5": {
      "version": "7.1.2",
      "resolved": "https://registry.npmjs.org/parse5/-/parse5-7.1.2.tgz",
      "integrity": "sha512-Czj1WaSVpaoj0wbhMzLmWD69anp2WH7FXMB9n1Sy8/ZFF9jolSQVMu1Ij5WIyGmcBmhk7EOndpO4mIpihVqAXw==",
      "optional": true,
      "peer": true,
      "dependencies": {
        "entities": "^4.4.0"
      },
      "funding": {
        "url": "https://github.com/inikulin/parse5?sponsor=1"
      }
    },
    "node_modules/primeicons": {
      "version": "6.0.1",
      "resolved": "https://registry.npmjs.org/primeicons/-/primeicons-6.0.1.tgz",
      "integrity": "sha512-KDeO94CbWI4pKsPnYpA1FPjo79EsY9I+M8ywoPBSf9XMXoe/0crjbUK7jcQEDHuc0ZMRIZsxH3TYLv4TUtHmAA=="
    },
    "node_modules/primeng": {
      "version": "16.9.1",
      "resolved": "https://registry.npmjs.org/primeng/-/primeng-16.9.1.tgz",
      "integrity": "sha512-dCkvKoV62xDEyeGaEm8B0qncdKWNz4mDU/Camnr27AafaDNGV0lCA29imgJvZPEmJTmC2wDhtedg7Syfwz4UqA==",
      "dependencies": {
        "tslib": "^2.3.0"
      },
      "peerDependencies": {
        "@angular/common": "^16.2.0",
        "@angular/core": "^16.2.0",
        "@angular/forms": "^16.2.0",
        "rxjs": "^6.0.0 || ^7.8.1",
        "zone.js": "~0.13.0"
      }
    },
    "node_modules/rxjs": {
      "version": "7.8.1",
      "resolved": "https://registry.npmjs.org/rxjs/-/rxjs-7.8.1.tgz",
      "integrity": "sha512-AA3TVj+0A2iuIoQkWEK/tqFjBq2j+6PO6Y0zJcvzLAFhEFIO3HL0vls9hWLncZbAAbK0mar7oZ4V079I/qPMxg==",
      "peer": true,
      "dependencies": {
        "tslib": "^2.1.0"
      }
    },
    "node_modules/tslib": {
      "version": "2.6.2",
      "resolved": "https://registry.npmjs.org/tslib/-/tslib-2.6.2.tgz",
      "integrity": "sha512-AEYxH93jGFPn/a2iVAwW87VuUIkR1FVUKB77NwMF7nBTDkDrrT/Hpt/IrCJ0QXhW27jTBDcf5ZY7w6RiqTMw2Q=="
    },
    "node_modules/universalify": {
      "version": "2.0.1",
      "resolved": "https://registry.npmjs.org/universalify/-/universalify-2.0.1.tgz",
      "integrity": "sha512-gptHNQghINnc/vTGIk0SOFGFNXw7JVrlRUtConJRlvaw6DuX0wO5Jeko9sWrMBhh+PsYAZ7oXAiOnf/UKogyiw==",
      "peer": true,
      "engines": {
        "node": ">= 10.0.0"
      }
    },
    "node_modules/zone.js": {
      "version": "0.13.3",
      "resolved": "https://registry.npmjs.org/zone.js/-/zone.js-0.13.3.tgz",
      "integrity": "sha512-MKPbmZie6fASC/ps4dkmIhaT5eonHkEt6eAy80K42tAm0G2W+AahLJjbfi6X9NPdciOE9GRFTTM8u2IiF6O3ww==",
      "peer": true,
      "dependencies": {
        "tslib": "^2.3.0"
      }
    }
  }
}
