{
  "name": "@freud-ds/web-components",
  "version": "2.0.6",
  "lockfileVersion": 2,
  "requires": true,
  "packages": {
    "": {
      "name": "@freud-ds/web-components",
      "version": "2.0.6",
      "dependencies": {
        "primeicons": "^6.0.1",
        "primeng": "^12.2.2",
        "tslib": "^2.3.0"
      },
      "peerDependencies": {
        "@angular/animations": "~12.2.0",
        "@angular/cdk": "~12.2.0",
        "@angular/common": "^12.2.0",
        "@angular/core": "^12.2.0",
        "@freud-ds/icons": "^2.0.3",
        "@freud-ds/tokens": "^2.0.7",
        "@fullcalendar/angular": "^6.0.1",
        "@fullcalendar/core": "^6.0.1",
        "@fullcalendar/daygrid": "^6.0.1",
        "@fullcalendar/interaction": "^6.0.1",
        "@fullcalendar/timegrid": "^6.0.1"
      }
    },
    "node_modules/@angular/animations": {
      "version": "12.2.17",
      "resolved": "https://registry.npmjs.org/@angular/animations/-/animations-12.2.17.tgz",
      "integrity": "sha512-WVUcvKvr6wr9Nf3I2ksu5bFJ5xHhby4UEBTvOAdLpDqic+dzqtzVwAktDRprBSdxKQk1OlTw6jD4MsVEDKnZTg==",
      "peer": true,
      "dependencies": {
        "tslib": "^2.2.0"
      },
      "engines": {
        "node": "^12.14.1 || >=14.0.0"
      },
      "peerDependencies": {
        "@angular/core": "12.2.17"
      }
    },
    "node_modules/@angular/cdk": {
      "version": "12.2.13",
      "resolved": "https://registry.npmjs.org/@angular/cdk/-/cdk-12.2.13.tgz",
      "integrity": "sha512-zSKRhECyFqhingIeyRInIyTvYErt4gWo+x5DQr0b7YLUbU8DZSwWnG4w76Ke2s4U8T7ry1jpJBHoX/e8YBpGMg==",
      "peer": true,
      "dependencies": {
        "tslib": "^2.2.0"
      },
      "optionalDependencies": {
        "parse5": "^5.0.0"
      },
      "peerDependencies": {
        "@angular/common": "^12.0.0 || ^13.0.0-0",
        "@angular/core": "^12.0.0 || ^13.0.0-0",
        "rxjs": "^6.5.3 || ^7.0.0"
      }
    },
    "node_modules/@angular/common": {
      "version": "12.2.17",
      "resolved": "https://registry.npmjs.org/@angular/common/-/common-12.2.17.tgz",
      "integrity": "sha512-/Rc83mzlL6YZScYTzg+Ng2hiCSf3jUVHAfQ8cyLOIMj/y8863Q+DMLVWW+ttvHwCjEFY44pC8IPyBl5FmSJYHg==",
      "peer": true,
      "dependencies": {
        "tslib": "^2.2.0"
      },
      "engines": {
        "node": "^12.14.1 || >=14.0.0"
      },
      "peerDependencies": {
        "@angular/core": "12.2.17",
        "rxjs": "^6.5.3 || ^7.0.0"
      }
    },
    "node_modules/@angular/core": {
      "version": "12.2.17",
      "resolved": "https://registry.npmjs.org/@angular/core/-/core-12.2.17.tgz",
      "integrity": "sha512-XUvTgU0D8XqNH5Y7UlTMk/XjUQaEGC0kZxhw/QSSQr65WrXtXmcD4d8Cg84TJ52uGXmf7IAruKvtbvu1Mbmvug==",
      "peer": true,
      "dependencies": {
        "tslib": "^2.2.0"
      },
      "engines": {
        "node": "^12.14.1 || >=14.0.0"
      },
      "peerDependencies": {
        "rxjs": "^6.5.3 || ^7.0.0",
        "zone.js": "~0.11.4"
      }
    },
    "node_modules/@angular/forms": {
      "version": "12.2.17",
      "resolved": "https://registry.npmjs.org/@angular/forms/-/forms-12.2.17.tgz",
      "integrity": "sha512-iOIAz5OR6yLWuNTSOSDqAffQ0FU71yw1QsOmltU/hBsO6H6smsIKVe8VlFa4SnBSAyVZXf/OhDRJ8gOqQT09mw==",
      "peer": true,
      "dependencies": {
        "tslib": "^2.2.0"
      },
      "engines": {
        "node": "^12.14.1 || >=14.0.0"
      },
      "peerDependencies": {
        "@angular/common": "12.2.17",
        "@angular/core": "12.2.17",
        "@angular/platform-browser": "12.2.17",
        "rxjs": "^6.5.3 || ^7.0.0"
      }
    },
    "node_modules/@angular/platform-browser": {
      "version": "12.2.17",
      "resolved": "https://registry.npmjs.org/@angular/platform-browser/-/platform-browser-12.2.17.tgz",
      "integrity": "sha512-fxs0FDEnS9mzd36u0bHd6TbCvRC9pqK0YCWNnoLCf5ALQtyIL8CpgGNjOMnO8mCEl5l9QTFCDvKOn4V3p7E/dg==",
      "peer": true,
      "dependencies": {
        "tslib": "^2.2.0"
      },
      "engines": {
        "node": "^12.14.1 || >=14.0.0"
      },
      "peerDependencies": {
        "@angular/animations": "12.2.17",
        "@angular/common": "12.2.17",
        "@angular/core": "12.2.17"
      },
      "peerDependenciesMeta": {
        "@angular/animations": {
          "optional": true
        }
      }
    },
    "node_modules/@freud-ds/icons": {
      "version": "2.0.3",
      "resolved": "https://registry.npmjs.org/@freud-ds/icons/-/icons-2.0.3.tgz",
      "integrity": "sha512-B9JG772MAhD+nsw9OSvhXWGOKwgcsCDiZmLe5Xzq35yHmvX0mHqJmPhHYvJyZyv0kGAms1lP1QUuhWS3fqIksA==",
      "peer": true,
      "dependencies": {
        "fs-extra": "^11.1.0"
      }
    },
    "node_modules/@freud-ds/tokens": {
      "version": "2.0.7",
      "resolved": "https://registry.npmjs.org/@freud-ds/tokens/-/tokens-2.0.7.tgz",
      "integrity": "sha512-haSxFMYOjhKBGuDF37FD+DxCaw2S33xmRTI7Dq0W+WtboWLK3MaVYdMqQ33UxxV70sio9a914bUSiY5Cw0g5cw==",
      "peer": true
    },
    "node_modules/@fullcalendar/angular": {
      "version": "6.0.2",
      "resolved": "https://registry.npmjs.org/@fullcalendar/angular/-/angular-6.0.2.tgz",
      "integrity": "sha512-y4A5115gOZ6DcZvwgk58nMramh1/iU6cA7Ac+YI6OKNt8+dsXwxPUjFFp96NfS98UFk6kQIwf0G2ajMSl9AnTA==",
      "peer": true,
      "dependencies": {
        "tslib": "^2.3.0"
      },
      "peerDependencies": {
        "@angular/common": "12 - 15",
        "@angular/core": "12 - 15",
        "@fullcalendar/core": "~6.0.2"
      }
    },
    "node_modules/@fullcalendar/core": {
      "version": "6.0.2",
      "resolved": "https://registry.npmjs.org/@fullcalendar/core/-/core-6.0.2.tgz",
      "integrity": "sha512-mpJ+8l2t6b98umrRG2FfDnMqEr0Z+wNT2SjY7H49V3wcj4oe3gwuty8GBYHG/vgxS+DXR/NcEvW1CsMQh4Cr/A==",
      "peer": true,
      "dependencies": {
        "preact": "^10.0.5"
      }
    },
    "node_modules/@fullcalendar/daygrid": {
      "version": "6.0.2",
      "resolved": "https://registry.npmjs.org/@fullcalendar/daygrid/-/daygrid-6.0.2.tgz",
      "integrity": "sha512-OoHo+HbKmunq2hy5K6T2390DmSwXIENxHBeKFPlUXHK48xD/zXQI3N1zRlZRd83+Yrq+vDF6l8ObO9PMu2leJw==",
      "peer": true,
      "peerDependencies": {
        "@fullcalendar/core": "~6.0.2"
      }
    },
    "node_modules/@fullcalendar/interaction": {
      "version": "6.0.2",
      "resolved": "https://registry.npmjs.org/@fullcalendar/interaction/-/interaction-6.0.2.tgz",
      "integrity": "sha512-RPWWCp6wdzVCc3XdcBUZuduFGX/mB8OrV2xBF5wrGFbGAZE3OYuEPcVnLF1SsC+pJVntG6z1fL5aQ/OM8nul9Q==",
      "peer": true,
      "peerDependencies": {
        "@fullcalendar/core": "~6.0.2"
      }
    },
    "node_modules/@fullcalendar/timegrid": {
      "version": "6.0.2",
      "resolved": "https://registry.npmjs.org/@fullcalendar/timegrid/-/timegrid-6.0.2.tgz",
      "integrity": "sha512-wl6AWL7ZJhSEV/0SSg8ePeLdeNQD/ZuogncOzfpdYRBv3M4G7hKrGA5Gc9Exz7MrbC/0T9xnWVJvq8i2lK2U5g==",
      "peer": true,
      "dependencies": {
        "@fullcalendar/daygrid": "~6.0.2"
      },
      "peerDependencies": {
        "@fullcalendar/core": "~6.0.2"
      }
    },
    "node_modules/fs-extra": {
      "version": "11.1.0",
      "resolved": "https://registry.npmjs.org/fs-extra/-/fs-extra-11.1.0.tgz",
      "integrity": "sha512-0rcTq621PD5jM/e0a3EJoGC/1TC5ZBCERW82LQuwfGnCa1V8w7dpYH1yNu+SLb6E5dkeCBzKEyLGlFrnr+dUyw==",
      "peer": true,
      "dependencies": {
        "graceful-fs": "^4.2.0",
        "jsonfile": "^6.0.1",
        "universalify": "^2.0.0"
      },
      "engines": {
        "node": ">=14.14"
      }
    },
    "node_modules/graceful-fs": {
      "version": "4.2.10",
      "resolved": "https://registry.npmjs.org/graceful-fs/-/graceful-fs-4.2.10.tgz",
      "integrity": "sha512-9ByhssR2fPVsNZj478qUUbKfmL0+t5BDVyjShtyZZLiK7ZDAArFFfopyOTj0M05wE2tJPisA4iTnnXl2YoPvOA==",
      "peer": true
    },
    "node_modules/jsonfile": {
      "version": "6.1.0",
      "resolved": "https://registry.npmjs.org/jsonfile/-/jsonfile-6.1.0.tgz",
      "integrity": "sha512-5dgndWOriYSm5cnYaJNhalLNDKOqFwyDB/rr1E9ZsGciGvKPs8R2xYGCacuf3z6K1YKDz182fd+fY3cn3pMqXQ==",
      "peer": true,
      "dependencies": {
        "universalify": "^2.0.0"
      },
      "optionalDependencies": {
        "graceful-fs": "^4.1.6"
      }
    },
    "node_modules/parse5": {
      "version": "5.1.1",
      "resolved": "https://registry.npmjs.org/parse5/-/parse5-5.1.1.tgz",
      "integrity": "sha512-ugq4DFI0Ptb+WWjAdOK16+u/nHfiIrcE+sh8kZMaM0WllQKLI9rOUq6c2b7cwPkXdzfQESqvoqK6ug7U/Yyzug==",
      "optional": true,
      "peer": true
    },
    "node_modules/preact": {
      "version": "10.11.3",
      "resolved": "https://registry.npmjs.org/preact/-/preact-10.11.3.tgz",
      "integrity": "sha512-eY93IVpod/zG3uMF22Unl8h9KkrcKIRs2EGar8hwLZZDU1lkjph303V9HZBwufh2s736U6VXuhD109LYqPoffg==",
      "peer": true,
      "funding": {
        "type": "opencollective",
        "url": "https://opencollective.com/preact"
      }
    },
    "node_modules/primeicons": {
      "version": "6.0.1",
      "resolved": "https://registry.npmjs.org/primeicons/-/primeicons-6.0.1.tgz",
      "integrity": "sha512-KDeO94CbWI4pKsPnYpA1FPjo79EsY9I+M8ywoPBSf9XMXoe/0crjbUK7jcQEDHuc0ZMRIZsxH3TYLv4TUtHmAA=="
    },
    "node_modules/primeng": {
      "version": "12.2.2",
      "resolved": "https://registry.npmjs.org/primeng/-/primeng-12.2.2.tgz",
      "integrity": "sha512-PB2kZzwhAb3M5nQXe1hUfsBGXAbhGcf/NVwg8mp4P5JETJ4nAGgixNPPGjBdmFW6l8QzmlsAVb3nMF+rPaZH4g==",
      "dependencies": {
        "tslib": "^2.1.0"
      },
      "peerDependencies": {
        "@angular/common": "^7.0.0 || ^8.0.0 || ^9.0.0 || ^10.0.0 || ^11.0.0 || ^12.0.0",
        "@angular/core": "^7.0.0 || ^8.0.0 || ^9.0.0 || ^10.0.0 || ^11.0.0 || ^12.0.0",
        "@angular/forms": "^7.0.0 || ^8.0.0 || ^9.0.0 || ^10.0.0 || ^11.0.0 || ^12.0.0",
        "rxjs": "^6.0.0",
        "zone.js": "^0.10.2 || ^0.11.0"
      }
    },
    "node_modules/rxjs": {
      "version": "6.6.7",
      "resolved": "https://registry.npmjs.org/rxjs/-/rxjs-6.6.7.tgz",
      "integrity": "sha512-hTdwr+7yYNIT5n4AMYp85KA6yw2Va0FLa3Rguvbpa4W3I5xynaBZo41cM3XM+4Q6fRMj3sBYIR1VAmZMXYJvRQ==",
      "peer": true,
      "dependencies": {
        "tslib": "^1.9.0"
      },
      "engines": {
        "npm": ">=2.0.0"
      }
    },
    "node_modules/rxjs/node_modules/tslib": {
      "version": "1.14.1",
      "resolved": "https://registry.npmjs.org/tslib/-/tslib-1.14.1.tgz",
      "integrity": "sha512-Xni35NKzjgMrwevysHTCArtLDpPvye8zV/0E4EyYn43P7/7qvQwPh9BGkHewbMulVntbigmcT7rdX3BNo9wRJg==",
      "peer": true
    },
    "node_modules/tslib": {
      "version": "2.4.1",
      "resolved": "https://registry.npmjs.org/tslib/-/tslib-2.4.1.tgz",
      "integrity": "sha512-tGyy4dAjRIEwI7BzsB0lynWgOpfqjUdq91XXAlIWD2OwKBH7oCl/GZG/HT4BOHrTlPMOASlMQ7veyTqpmRcrNA=="
    },
    "node_modules/universalify": {
      "version": "2.0.0",
      "resolved": "https://registry.npmjs.org/universalify/-/universalify-2.0.0.tgz",
      "integrity": "sha512-hAZsKq7Yy11Zu1DE0OzWjw7nnLZmJZYTDZZyEFHZdUhV8FkH5MCfoU1XMaxXovpyW5nq5scPqq0ZDP9Zyl04oQ==",
      "peer": true,
      "engines": {
        "node": ">= 10.0.0"
      }
    },
    "node_modules/zone.js": {
      "version": "0.11.8",
      "resolved": "https://registry.npmjs.org/zone.js/-/zone.js-0.11.8.tgz",
      "integrity": "sha512-82bctBg2hKcEJ21humWIkXRlLBBmrc3nN7DFh5LGGhcyycO2S7FN8NmdvlcKaGFDNVL4/9kFLmwmInTavdJERA==",
      "peer": true,
      "dependencies": {
        "tslib": "^2.3.0"
      }
    }
  },
  "dependencies": {
    "@angular/animations": {
      "version": "12.2.17",
      "resolved": "https://registry.npmjs.org/@angular/animations/-/animations-12.2.17.tgz",
      "integrity": "sha512-WVUcvKvr6wr9Nf3I2ksu5bFJ5xHhby4UEBTvOAdLpDqic+dzqtzVwAktDRprBSdxKQk1OlTw6jD4MsVEDKnZTg==",
      "peer": true,
      "requires": {
        "tslib": "^2.2.0"
      }
    },
    "@angular/cdk": {
      "version": "12.2.13",
      "resolved": "https://registry.npmjs.org/@angular/cdk/-/cdk-12.2.13.tgz",
      "integrity": "sha512-zSKRhECyFqhingIeyRInIyTvYErt4gWo+x5DQr0b7YLUbU8DZSwWnG4w76Ke2s4U8T7ry1jpJBHoX/e8YBpGMg==",
      "peer": true,
      "requires": {
        "parse5": "^5.0.0",
        "tslib": "^2.2.0"
      }
    },
    "@angular/common": {
      "version": "12.2.17",
      "resolved": "https://registry.npmjs.org/@angular/common/-/common-12.2.17.tgz",
      "integrity": "sha512-/Rc83mzlL6YZScYTzg+Ng2hiCSf3jUVHAfQ8cyLOIMj/y8863Q+DMLVWW+ttvHwCjEFY44pC8IPyBl5FmSJYHg==",
      "peer": true,
      "requires": {
        "tslib": "^2.2.0"
      }
    },
    "@angular/core": {
      "version": "12.2.17",
      "resolved": "https://registry.npmjs.org/@angular/core/-/core-12.2.17.tgz",
      "integrity": "sha512-XUvTgU0D8XqNH5Y7UlTMk/XjUQaEGC0kZxhw/QSSQr65WrXtXmcD4d8Cg84TJ52uGXmf7IAruKvtbvu1Mbmvug==",
      "peer": true,
      "requires": {
        "tslib": "^2.2.0"
      }
    },
    "@angular/forms": {
      "version": "12.2.17",
      "resolved": "https://registry.npmjs.org/@angular/forms/-/forms-12.2.17.tgz",
      "integrity": "sha512-iOIAz5OR6yLWuNTSOSDqAffQ0FU71yw1QsOmltU/hBsO6H6smsIKVe8VlFa4SnBSAyVZXf/OhDRJ8gOqQT09mw==",
      "peer": true,
      "requires": {
        "tslib": "^2.2.0"
      }
    },
    "@angular/platform-browser": {
      "version": "12.2.17",
      "resolved": "https://registry.npmjs.org/@angular/platform-browser/-/platform-browser-12.2.17.tgz",
      "integrity": "sha512-fxs0FDEnS9mzd36u0bHd6TbCvRC9pqK0YCWNnoLCf5ALQtyIL8CpgGNjOMnO8mCEl5l9QTFCDvKOn4V3p7E/dg==",
      "peer": true,
      "requires": {
        "tslib": "^2.2.0"
      }
    },
    "@freud-ds/icons": {
      "version": "2.0.3",
      "resolved": "https://registry.npmjs.org/@freud-ds/icons/-/icons-2.0.3.tgz",
      "integrity": "sha512-B9JG772MAhD+nsw9OSvhXWGOKwgcsCDiZmLe5Xzq35yHmvX0mHqJmPhHYvJyZyv0kGAms1lP1QUuhWS3fqIksA==",
      "peer": true,
      "requires": {
        "fs-extra": "^11.1.0"
      }
    },
    "@freud-ds/tokens": {
      "version": "2.0.7",
      "resolved": "https://registry.npmjs.org/@freud-ds/tokens/-/tokens-2.0.7.tgz",
      "integrity": "sha512-haSxFMYOjhKBGuDF37FD+DxCaw2S33xmRTI7Dq0W+WtboWLK3MaVYdMqQ33UxxV70sio9a914bUSiY5Cw0g5cw==",
      "peer": true
    },
    "@fullcalendar/angular": {
      "version": "6.0.2",
      "resolved": "https://registry.npmjs.org/@fullcalendar/angular/-/angular-6.0.2.tgz",
      "integrity": "sha512-y4A5115gOZ6DcZvwgk58nMramh1/iU6cA7Ac+YI6OKNt8+dsXwxPUjFFp96NfS98UFk6kQIwf0G2ajMSl9AnTA==",
      "peer": true,
      "requires": {
        "tslib": "^2.3.0"
      }
    },
    "@fullcalendar/core": {
      "version": "6.0.2",
      "resolved": "https://registry.npmjs.org/@fullcalendar/core/-/core-6.0.2.tgz",
      "integrity": "sha512-mpJ+8l2t6b98umrRG2FfDnMqEr0Z+wNT2SjY7H49V3wcj4oe3gwuty8GBYHG/vgxS+DXR/NcEvW1CsMQh4Cr/A==",
      "peer": true,
      "requires": {
        "preact": "^10.0.5"
      }
    },
    "@fullcalendar/daygrid": {
      "version": "6.0.2",
      "resolved": "https://registry.npmjs.org/@fullcalendar/daygrid/-/daygrid-6.0.2.tgz",
      "integrity": "sha512-OoHo+HbKmunq2hy5K6T2390DmSwXIENxHBeKFPlUXHK48xD/zXQI3N1zRlZRd83+Yrq+vDF6l8ObO9PMu2leJw==",
      "peer": true,
      "requires": {}
    },
    "@fullcalendar/interaction": {
      "version": "6.0.2",
      "resolved": "https://registry.npmjs.org/@fullcalendar/interaction/-/interaction-6.0.2.tgz",
      "integrity": "sha512-RPWWCp6wdzVCc3XdcBUZuduFGX/mB8OrV2xBF5wrGFbGAZE3OYuEPcVnLF1SsC+pJVntG6z1fL5aQ/OM8nul9Q==",
      "peer": true,
      "requires": {}
    },
    "@fullcalendar/timegrid": {
      "version": "6.0.2",
      "resolved": "https://registry.npmjs.org/@fullcalendar/timegrid/-/timegrid-6.0.2.tgz",
      "integrity": "sha512-wl6AWL7ZJhSEV/0SSg8ePeLdeNQD/ZuogncOzfpdYRBv3M4G7hKrGA5Gc9Exz7MrbC/0T9xnWVJvq8i2lK2U5g==",
      "peer": true,
      "requires": {
        "@fullcalendar/daygrid": "~6.0.2"
      }
    },
    "fs-extra": {
      "version": "11.1.0",
      "resolved": "https://registry.npmjs.org/fs-extra/-/fs-extra-11.1.0.tgz",
      "integrity": "sha512-0rcTq621PD5jM/e0a3EJoGC/1TC5ZBCERW82LQuwfGnCa1V8w7dpYH1yNu+SLb6E5dkeCBzKEyLGlFrnr+dUyw==",
      "peer": true,
      "requires": {
        "graceful-fs": "^4.2.0",
        "jsonfile": "^6.0.1",
        "universalify": "^2.0.0"
      }
    },
    "graceful-fs": {
      "version": "4.2.10",
      "resolved": "https://registry.npmjs.org/graceful-fs/-/graceful-fs-4.2.10.tgz",
      "integrity": "sha512-9ByhssR2fPVsNZj478qUUbKfmL0+t5BDVyjShtyZZLiK7ZDAArFFfopyOTj0M05wE2tJPisA4iTnnXl2YoPvOA==",
      "peer": true
    },
    "jsonfile": {
      "version": "6.1.0",
      "resolved": "https://registry.npmjs.org/jsonfile/-/jsonfile-6.1.0.tgz",
      "integrity": "sha512-5dgndWOriYSm5cnYaJNhalLNDKOqFwyDB/rr1E9ZsGciGvKPs8R2xYGCacuf3z6K1YKDz182fd+fY3cn3pMqXQ==",
      "peer": true,
      "requires": {
        "graceful-fs": "^4.1.6",
        "universalify": "^2.0.0"
      }
    },
    "parse5": {
      "version": "5.1.1",
      "resolved": "https://registry.npmjs.org/parse5/-/parse5-5.1.1.tgz",
      "integrity": "sha512-ugq4DFI0Ptb+WWjAdOK16+u/nHfiIrcE+sh8kZMaM0WllQKLI9rOUq6c2b7cwPkXdzfQESqvoqK6ug7U/Yyzug==",
      "optional": true,
      "peer": true
    },
    "preact": {
      "version": "10.11.3",
      "resolved": "https://registry.npmjs.org/preact/-/preact-10.11.3.tgz",
      "integrity": "sha512-eY93IVpod/zG3uMF22Unl8h9KkrcKIRs2EGar8hwLZZDU1lkjph303V9HZBwufh2s736U6VXuhD109LYqPoffg==",
      "peer": true
    },
    "primeicons": {
      "version": "6.0.1",
      "resolved": "https://registry.npmjs.org/primeicons/-/primeicons-6.0.1.tgz",
      "integrity": "sha512-KDeO94CbWI4pKsPnYpA1FPjo79EsY9I+M8ywoPBSf9XMXoe/0crjbUK7jcQEDHuc0ZMRIZsxH3TYLv4TUtHmAA=="
    },
    "primeng": {
      "version": "12.2.2",
      "resolved": "https://registry.npmjs.org/primeng/-/primeng-12.2.2.tgz",
      "integrity": "sha512-PB2kZzwhAb3M5nQXe1hUfsBGXAbhGcf/NVwg8mp4P5JETJ4nAGgixNPPGjBdmFW6l8QzmlsAVb3nMF+rPaZH4g==",
      "requires": {
        "tslib": "^2.1.0"
      }
    },
    "rxjs": {
      "version": "6.6.7",
      "resolved": "https://registry.npmjs.org/rxjs/-/rxjs-6.6.7.tgz",
      "integrity": "sha512-hTdwr+7yYNIT5n4AMYp85KA6yw2Va0FLa3Rguvbpa4W3I5xynaBZo41cM3XM+4Q6fRMj3sBYIR1VAmZMXYJvRQ==",
      "peer": true,
      "requires": {
        "tslib": "^1.9.0"
      },
      "dependencies": {
        "tslib": {
          "version": "1.14.1",
          "resolved": "https://registry.npmjs.org/tslib/-/tslib-1.14.1.tgz",
          "integrity": "sha512-Xni35NKzjgMrwevysHTCArtLDpPvye8zV/0E4EyYn43P7/7qvQwPh9BGkHewbMulVntbigmcT7rdX3BNo9wRJg==",
          "peer": true
        }
      }
    },
    "tslib": {
      "version": "2.4.1",
      "resolved": "https://registry.npmjs.org/tslib/-/tslib-2.4.1.tgz",
      "integrity": "sha512-tGyy4dAjRIEwI7BzsB0lynWgOpfqjUdq91XXAlIWD2OwKBH7oCl/GZG/HT4BOHrTlPMOASlMQ7veyTqpmRcrNA=="
    },
    "universalify": {
      "version": "2.0.0",
      "resolved": "https://registry.npmjs.org/universalify/-/universalify-2.0.0.tgz",
      "integrity": "sha512-hAZsKq7Yy11Zu1DE0OzWjw7nnLZmJZYTDZZyEFHZdUhV8FkH5MCfoU1XMaxXovpyW5nq5scPqq0ZDP9Zyl04oQ==",
      "peer": true
    },
    "zone.js": {
      "version": "0.11.8",
      "resolved": "https://registry.npmjs.org/zone.js/-/zone.js-0.11.8.tgz",
      "integrity": "sha512-82bctBg2hKcEJ21humWIkXRlLBBmrc3nN7DFh5LGGhcyycO2S7FN8NmdvlcKaGFDNVL4/9kFLmwmInTavdJERA==",
      "peer": true,
      "requires": {
        "tslib": "^2.3.0"
      }
    }
  }
}
